
Microsoft Visual Studio Solution File, Format Version 12.00
# Visual Studio Version 17
VisualStudioVersion = 17.11.35312.102
MinimumVisualStudioVersion = 10.0.40219.1
Project("{FAE04EC0-301F-11D3-BF4B-00C04F79EFBC}") = "GunBuilder", "GunBuilder\GunBuilder.csproj", "{A1E8AA2E-9C00-4273-AC01-9DDFD0282F1B}"
EndProject
Global
	GlobalSection(SolutionConfigurationPlatforms) = preSolution
		Debug|Any CPU = Debug|Any CPU
		Release|Any CPU = Release|Any CPU
	EndGlobalSection
	GlobalSection(ProjectConfigurationPlatforms) = postSolution
		{A1E8AA2E-9C00-4273-AC01-9DDFD0282F1B}.Debug|Any CPU.ActiveCfg = Debug|Any CPU
		{A1E8AA2E-9C00-4273-AC01-9DDFD0282F1B}.Debug|Any CPU.Build.0 = Debug|Any CPU
		{A1E8AA2E-9C00-4273-AC01-9DDFD0282F1B}.Release|Any CPU.ActiveCfg = Release|Any CPU
		{A1E8AA2E-9C00-4273-AC01-9DDFD0282F1B}.Release|Any CPU.Build.0 = Release|Any CPU
	EndGlobalSection
	GlobalSection(SolutionProperties) = preSolution
		HideSolutionNode = FALSE
	EndGlobalSection
	GlobalSection(ExtensibilityGlobals) = postSolution
		SolutionGuid = {F0D04A85-691F-4991-8EEF-C6B3127ECD3E}
	EndGlobalSection
EndGlobal
